
Microsoft Visual Studio Solution File, Format Version 12.00
# Visual Studio Version 17
VisualStudioVersion = 17.3.32811.315
MinimumVisualStudioVersion = 10.0.40219.1
Project("{FAE04EC0-301F-11D3-BF4B-00C04F79EFBC}") = "PC_Management", "PC_Management\PC_Management.csproj", "{083F587A-EDEE-4838-B142-DC47359AF44C}"
EndProject
Global
	GlobalSection(SolutionConfigurationPlatforms) = preSolution
		Debug|Any CPU = Debug|Any CPU
		Release|Any CPU = Release|Any CPU
	EndGlobalSection
	GlobalSection(ProjectConfigurationPlatforms) = postSolution
		{083F587A-EDEE-4838-B142-DC47359AF44C}.Debug|Any CPU.ActiveCfg = Debug|Any CPU
		{083F587A-EDEE-4838-B142-DC47359AF44C}.Debug|Any CPU.Build.0 = Debug|Any CPU
		{083F587A-EDEE-4838-B142-DC47359AF44C}.Release|Any CPU.ActiveCfg = Release|Any CPU
		{083F587A-EDEE-4838-B142-DC47359AF44C}.Release|Any CPU.Build.0 = Release|Any CPU
	EndGlobalSection
	GlobalSection(SolutionProperties) = preSolution
		HideSolutionNode = FALSE
	EndGlobalSection
	GlobalSection(ExtensibilityGlobals) = postSolution
		SolutionGuid = {DB15D11B-F023-4D41-A2D7-E3BE22A776D2}
	EndGlobalSection
EndGlobal
